
Microsoft Visual Studio Solution File, Format Version 12.00
# Visual Studio Version 17
VisualStudioVersion = 17.0.31903.59
MinimumVisualStudioVersion = 10.0.40219.1
Project("{2150E333-8FDC-42A3-9474-1A3956D46DE8}") = "src", "src", "{1F399F98-7439-4F05-847B-CC1267B4B7F2}"
EndProject
Project("{2150E333-8FDC-42A3-9474-1A3956D46DE8}") = "sandbox", "sandbox", "{A2CF2984-E8E2-48FC-B5A1-58D74A2467E6}"
EndProject
Project("{2150E333-8FDC-42A3-9474-1A3956D46DE8}") = "tests", "tests", "{AAD2D900-C305-4449-A9FC-6C7696FFEDFA}"
EndProject
Project("{2150E333-8FDC-42A3-9474-1A3956D46DE8}") = "Solution Items", "Solution Items", "{6DF6534A-0F9D-44A4-BF89-AE1F3B243914}"
	ProjectSection(SolutionItems) = preProject
		.dockerignore = .dockerignore
		.gitignore = .gitignore
		.circleci\config.yml = .circleci\config.yml
		Directory.Build.props = Directory.Build.props
		ReadMe.md = ReadMe.md
	EndProjectSection
EndProject
Project("{9A19103F-16F7-4668-BE54-9A1E7A4F7556}") = "ConsoleAppFramework", "src\ConsoleAppFramework\ConsoleAppFramework.csproj", "{09BEEA7B-B6D3-4011-BCAB-6DF976713695}"
EndProject
Project("{9A19103F-16F7-4668-BE54-9A1E7A4F7556}") = "GeneratorSandbox", "sandbox\GeneratorSandbox\GeneratorSandbox.csproj", "{ACDA48BA-0BFE-4917-B335-7836DAA5929A}"
EndProject
Project("{9A19103F-16F7-4668-BE54-9A1E7A4F7556}") = "CliFrameworkBenchmark", "sandbox\CliFrameworkBenchmark\CliFrameworkBenchmark.csproj", "{F558E4F2-1AB0-4634-B613-69DFE79894AF}"
EndProject
Project("{9A19103F-16F7-4668-BE54-9A1E7A4F7556}") = "ConsoleAppFramework.GeneratorTests", "tests\ConsoleAppFramework.GeneratorTests\ConsoleAppFramework.GeneratorTests.csproj", "{C54F7FE8-650A-4DC7-877F-0DE929351800}"
EndProject
Project("{9A19103F-16F7-4668-BE54-9A1E7A4F7556}") = "NativeAot", "sandbox\NativeAot\NativeAot.csproj", "{EC1A3299-6597-4AD2-92DE-EDF309875A97}"
EndProject
Project("{9A19103F-16F7-4668-BE54-9A1E7A4F7556}") = "ConsoleAppFramework.Abstractions", "src\ConsoleAppFramework.Abstractions\ConsoleAppFramework.Abstractions.csproj", "{855B0D28-DC69-470B-B3D9-481EE52737AA}"
EndProject
Project("{9A19103F-16F7-4668-BE54-9A1E7A4F7556}") = "FilterShareProject", "sandbox\FilterShareProject\FilterShareProject.csproj", "{2A1E8ED1-CEB9-47CB-8497-A0C4F5A8F025}"
EndProject
Global
	GlobalSection(SolutionConfigurationPlatforms) = preSolution
		Debug|Any CPU = Debug|Any CPU
		Release|Any CPU = Release|Any CPU
		Test|Any CPU = Test|Any CPU
	EndGlobalSection
	GlobalSection(ProjectConfigurationPlatforms) = postSolution
		{09BEEA7B-B6D3-4011-BCAB-6DF976713695}.Debug|Any CPU.ActiveCfg = Debug|Any CPU
		{09BEEA7B-B6D3-4011-BCAB-6DF976713695}.Debug|Any CPU.Build.0 = Debug|Any CPU
		{09BEEA7B-B6D3-4011-BCAB-6DF976713695}.Release|Any CPU.ActiveCfg = Release|Any CPU
		{09BEEA7B-B6D3-4011-BCAB-6DF976713695}.Release|Any CPU.Build.0 = Release|Any CPU
		{09BEEA7B-B6D3-4011-BCAB-6DF976713695}.Test|Any CPU.ActiveCfg = Test|Any CPU
		{09BEEA7B-B6D3-4011-BCAB-6DF976713695}.Test|Any CPU.Build.0 = Test|Any CPU
		{ACDA48BA-0BFE-4917-B335-7836DAA5929A}.Debug|Any CPU.ActiveCfg = Debug|Any CPU
		{ACDA48BA-0BFE-4917-B335-7836DAA5929A}.Debug|Any CPU.Build.0 = Debug|Any CPU
		{ACDA48BA-0BFE-4917-B335-7836DAA5929A}.Release|Any CPU.ActiveCfg = Release|Any CPU
		{ACDA48BA-0BFE-4917-B335-7836DAA5929A}.Release|Any CPU.Build.0 = Release|Any CPU
		{ACDA48BA-0BFE-4917-B335-7836DAA5929A}.Test|Any CPU.ActiveCfg = Test|Any CPU
		{ACDA48BA-0BFE-4917-B335-7836DAA5929A}.Test|Any CPU.Build.0 = Test|Any CPU
		{F558E4F2-1AB0-4634-B613-69DFE79894AF}.Debug|Any CPU.ActiveCfg = Debug|Any CPU
		{F558E4F2-1AB0-4634-B613-69DFE79894AF}.Debug|Any CPU.Build.0 = Debug|Any CPU
		{F558E4F2-1AB0-4634-B613-69DFE79894AF}.Release|Any CPU.ActiveCfg = Release|Any CPU
		{F558E4F2-1AB0-4634-B613-69DFE79894AF}.Release|Any CPU.Build.0 = Release|Any CPU
		{F558E4F2-1AB0-4634-B613-69DFE79894AF}.Test|Any CPU.ActiveCfg = Test|Any CPU
		{F558E4F2-1AB0-4634-B613-69DFE79894AF}.Test|Any CPU.Build.0 = Test|Any CPU
		{C54F7FE8-650A-4DC7-877F-0DE929351800}.Debug|Any CPU.ActiveCfg = Debug|Any CPU
		{C54F7FE8-650A-4DC7-877F-0DE929351800}.Debug|Any CPU.Build.0 = Debug|Any CPU
		{C54F7FE8-650A-4DC7-877F-0DE929351800}.Release|Any CPU.ActiveCfg = Release|Any CPU
		{C54F7FE8-650A-4DC7-877F-0DE929351800}.Release|Any CPU.Build.0 = Release|Any CPU
		{C54F7FE8-650A-4DC7-877F-0DE929351800}.Test|Any CPU.ActiveCfg = Test|Any CPU
		{C54F7FE8-650A-4DC7-877F-0DE929351800}.Test|Any CPU.Build.0 = Test|Any CPU
		{EC1A3299-6597-4AD2-92DE-EDF309875A97}.Debug|Any CPU.ActiveCfg = Debug|Any CPU
		{EC1A3299-6597-4AD2-92DE-EDF309875A97}.Debug|Any CPU.Build.0 = Debug|Any CPU
		{EC1A3299-6597-4AD2-92DE-EDF309875A97}.Release|Any CPU.ActiveCfg = Release|Any CPU
		{EC1A3299-6597-4AD2-92DE-EDF309875A97}.Release|Any CPU.Build.0 = Release|Any CPU
		{EC1A3299-6597-4AD2-92DE-EDF309875A97}.Test|Any CPU.ActiveCfg = Test|Any CPU
		{EC1A3299-6597-4AD2-92DE-EDF309875A97}.Test|Any CPU.Build.0 = Test|Any CPU
		{855B0D28-DC69-470B-B3D9-481EE52737AA}.Debug|Any CPU.ActiveCfg = Debug|Any CPU
		{855B0D28-DC69-470B-B3D9-481EE52737AA}.Debug|Any CPU.Build.0 = Debug|Any CPU
		{855B0D28-DC69-470B-B3D9-481EE52737AA}.Release|Any CPU.ActiveCfg = Release|Any CPU
		{855B0D28-DC69-470B-B3D9-481EE52737AA}.Release|Any CPU.Build.0 = Release|Any CPU
		{855B0D28-DC69-470B-B3D9-481EE52737AA}.Test|Any CPU.ActiveCfg = Test|Any CPU
		{855B0D28-DC69-470B-B3D9-481EE52737AA}.Test|Any CPU.Build.0 = Test|Any CPU
		{2A1E8ED1-CEB9-47CB-8497-A0C4F5A8F025}.Debug|Any CPU.ActiveCfg = Debug|Any CPU
		{2A1E8ED1-CEB9-47CB-8497-A0C4F5A8F025}.Debug|Any CPU.Build.0 = Debug|Any CPU
		{2A1E8ED1-CEB9-47CB-8497-A0C4F5A8F025}.Release|Any CPU.ActiveCfg = Release|Any CPU
		{2A1E8ED1-CEB9-47CB-8497-A0C4F5A8F025}.Release|Any CPU.Build.0 = Release|Any CPU
		{2A1E8ED1-CEB9-47CB-8497-A0C4F5A8F025}.Test|Any CPU.ActiveCfg = Test|Any CPU
		{2A1E8ED1-CEB9-47CB-8497-A0C4F5A8F025}.Test|Any CPU.Build.0 = Test|Any CPU
	EndGlobalSection
	GlobalSection(SolutionProperties) = preSolution
		HideSolutionNode = FALSE
	EndGlobalSection
	GlobalSection(NestedProjects) = preSolution
		{09BEEA7B-B6D3-4011-BCAB-6DF976713695} = {1F399F98-7439-4F05-847B-CC1267B4B7F2}
		{ACDA48BA-0BFE-4917-B335-7836DAA5929A} = {A2CF2984-E8E2-48FC-B5A1-58D74A2467E6}
		{F558E4F2-1AB0-4634-B613-69DFE79894AF} = {A2CF2984-E8E2-48FC-B5A1-58D74A2467E6}
		{C54F7FE8-650A-4DC7-877F-0DE929351800} = {AAD2D900-C305-4449-A9FC-6C7696FFEDFA}
		{EC1A3299-6597-4AD2-92DE-EDF309875A97} = {A2CF2984-E8E2-48FC-B5A1-58D74A2467E6}
		{855B0D28-DC69-470B-B3D9-481EE52737AA} = {1F399F98-7439-4F05-847B-CC1267B4B7F2}
		{2A1E8ED1-CEB9-47CB-8497-A0C4F5A8F025} = {A2CF2984-E8E2-48FC-B5A1-58D74A2467E6}
	EndGlobalSection
	GlobalSection(ExtensibilityGlobals) = postSolution
		SolutionGuid = {7F3E353A-C125-4020-8481-11DC6496358C}
	EndGlobalSection
EndGlobal
