
Microsoft Visual Studio Solution File, Format Version 12.00
# Visual Studio Version 16
VisualStudioVersion = 16.0.29728.190
MinimumVisualStudioVersion = 10.0.40219.1
Project("{2150E333-8FDC-42A3-9474-1A3956D46DE8}") = "src", "src", "{1F399F98-7439-4F05-847B-CC1267B4B7F2}"
EndProject
Project("{9A19103F-16F7-4668-BE54-9A1E7A4F7556}") = "ConsoleAppFramework", "src\ConsoleAppFramework\ConsoleAppFramework.csproj", "{AEBCDB61-F8FA-40EB-B6D9-636D112BC390}"
EndProject
Project("{2150E333-8FDC-42A3-9474-1A3956D46DE8}") = "sandbox", "sandbox", "{A2CF2984-E8E2-48FC-B5A1-58D74A2467E6}"
EndProject
Project("{9A19103F-16F7-4668-BE54-9A1E7A4F7556}") = "SingleContainedApp", "sandbox\SingleContainedApp\SingleContainedApp.csproj", "{017F402E-36EA-46B3-A5AF-1773EEB7B755}"
EndProject
Project("{9A19103F-16F7-4668-BE54-9A1E7A4F7556}") = "MultiContainedApp", "sandbox\MultiContainedApp\MultiContainedApp.csproj", "{5E16EBD8-3396-4952-9B2D-DD2E2E3C883B}"
EndProject
Project("{9A19103F-16F7-4668-BE54-9A1E7A4F7556}") = "SingleContainedAppWithConfig", "sandbox\SingleContainedAppWithConfig\SingleContainedAppWithConfig.csproj", "{0B3BE82E-753A-415D-AD4E-90350C6E5C3D}"
EndProject
Project("{2150E333-8FDC-42A3-9474-1A3956D46DE8}") = "tests", "tests", "{AAD2D900-C305-4449-A9FC-6C7696FFEDFA}"
EndProject
Project("{9A19103F-16F7-4668-BE54-9A1E7A4F7556}") = "ConsoleAppFramework.Tests", "tests\ConsoleAppFramework.Tests\ConsoleAppFramework.Tests.csproj", "{AF15C841-5D45-4E61-BFCE-A6E6B7BA7629}"
EndProject
Project("{2150E333-8FDC-42A3-9474-1A3956D46DE8}") = ".circleci", ".circleci", "{E98E6C20-D6CD-4C6D-9FC4-1070BFFB70F9}"
	ProjectSection(SolutionItems) = preProject
		.circleci\config.yml = .circleci\config.yml
	EndProjectSection
EndProject
Project("{9A19103F-16F7-4668-BE54-9A1E7A4F7556}") = "ConsoleAppFramework.WebHosting", "src\ConsoleAppFramework.WebHosting\ConsoleAppFramework.WebHosting.csproj", "{9AC1CAE2-E717-472A-BBFB-0FE5590E5C7A}"
EndProject
Project("{9A19103F-16F7-4668-BE54-9A1E7A4F7556}") = "WebHostingApp", "sandbox\WebHostingApp\WebHostingApp.csproj", "{2B7CDEFC-3D92-4B72-8898-2494D7B087AD}"
EndProject
Project("{FAE04EC0-301F-11D3-BF4B-00C04F79EFBC}") = "ConsoleAppFramework.Integration.Test", "tests\ConsoleAppFramework.Integration.Test\ConsoleAppFramework.Integration.Test.csproj", "{6A39E146-8CDF-4B04-88ED-395C56A32722}"
EndProject
Global
	GlobalSection(SolutionConfigurationPlatforms) = preSolution
		Debug|Any CPU = Debug|Any CPU
		Release|Any CPU = Release|Any CPU
	EndGlobalSection
	GlobalSection(ProjectConfigurationPlatforms) = postSolution
		{AEBCDB61-F8FA-40EB-B6D9-636D112BC390}.Debug|Any CPU.ActiveCfg = Debug|Any CPU
		{AEBCDB61-F8FA-40EB-B6D9-636D112BC390}.Debug|Any CPU.Build.0 = Debug|Any CPU
		{AEBCDB61-F8FA-40EB-B6D9-636D112BC390}.Release|Any CPU.ActiveCfg = Release|Any CPU
		{AEBCDB61-F8FA-40EB-B6D9-636D112BC390}.Release|Any CPU.Build.0 = Release|Any CPU
		{017F402E-36EA-46B3-A5AF-1773EEB7B755}.Debug|Any CPU.ActiveCfg = Debug|Any CPU
		{017F402E-36EA-46B3-A5AF-1773EEB7B755}.Debug|Any CPU.Build.0 = Debug|Any CPU
		{017F402E-36EA-46B3-A5AF-1773EEB7B755}.Release|Any CPU.ActiveCfg = Release|Any CPU
		{017F402E-36EA-46B3-A5AF-1773EEB7B755}.Release|Any CPU.Build.0 = Release|Any CPU
		{5E16EBD8-3396-4952-9B2D-DD2E2E3C883B}.Debug|Any CPU.ActiveCfg = Debug|Any CPU
		{5E16EBD8-3396-4952-9B2D-DD2E2E3C883B}.Debug|Any CPU.Build.0 = Debug|Any CPU
		{5E16EBD8-3396-4952-9B2D-DD2E2E3C883B}.Release|Any CPU.ActiveCfg = Release|Any CPU
		{5E16EBD8-3396-4952-9B2D-DD2E2E3C883B}.Release|Any CPU.Build.0 = Release|Any CPU
		{0B3BE82E-753A-415D-AD4E-90350C6E5C3D}.Debug|Any CPU.ActiveCfg = Debug|Any CPU
		{0B3BE82E-753A-415D-AD4E-90350C6E5C3D}.Debug|Any CPU.Build.0 = Debug|Any CPU
		{0B3BE82E-753A-415D-AD4E-90350C6E5C3D}.Release|Any CPU.ActiveCfg = Release|Any CPU
		{0B3BE82E-753A-415D-AD4E-90350C6E5C3D}.Release|Any CPU.Build.0 = Release|Any CPU
		{AF15C841-5D45-4E61-BFCE-A6E6B7BA7629}.Debug|Any CPU.ActiveCfg = Debug|Any CPU
		{AF15C841-5D45-4E61-BFCE-A6E6B7BA7629}.Debug|Any CPU.Build.0 = Debug|Any CPU
		{AF15C841-5D45-4E61-BFCE-A6E6B7BA7629}.Release|Any CPU.ActiveCfg = Release|Any CPU
		{AF15C841-5D45-4E61-BFCE-A6E6B7BA7629}.Release|Any CPU.Build.0 = Release|Any CPU
		{9AC1CAE2-E717-472A-BBFB-0FE5590E5C7A}.Debug|Any CPU.ActiveCfg = Debug|Any CPU
		{9AC1CAE2-E717-472A-BBFB-0FE5590E5C7A}.Debug|Any CPU.Build.0 = Debug|Any CPU
		{9AC1CAE2-E717-472A-BBFB-0FE5590E5C7A}.Release|Any CPU.ActiveCfg = Release|Any CPU
		{9AC1CAE2-E717-472A-BBFB-0FE5590E5C7A}.Release|Any CPU.Build.0 = Release|Any CPU
		{2B7CDEFC-3D92-4B72-8898-2494D7B087AD}.Debug|Any CPU.ActiveCfg = Debug|Any CPU
		{2B7CDEFC-3D92-4B72-8898-2494D7B087AD}.Debug|Any CPU.Build.0 = Debug|Any CPU
		{2B7CDEFC-3D92-4B72-8898-2494D7B087AD}.Release|Any CPU.ActiveCfg = Release|Any CPU
		{2B7CDEFC-3D92-4B72-8898-2494D7B087AD}.Release|Any CPU.Build.0 = Release|Any CPU
		{6A39E146-8CDF-4B04-88ED-395C56A32722}.Debug|Any CPU.ActiveCfg = Debug|Any CPU
		{6A39E146-8CDF-4B04-88ED-395C56A32722}.Debug|Any CPU.Build.0 = Debug|Any CPU
		{6A39E146-8CDF-4B04-88ED-395C56A32722}.Release|Any CPU.ActiveCfg = Release|Any CPU
		{6A39E146-8CDF-4B04-88ED-395C56A32722}.Release|Any CPU.Build.0 = Release|Any CPU
	EndGlobalSection
	GlobalSection(SolutionProperties) = preSolution
		HideSolutionNode = FALSE
	EndGlobalSection
	GlobalSection(NestedProjects) = preSolution
		{AEBCDB61-F8FA-40EB-B6D9-636D112BC390} = {1F399F98-7439-4F05-847B-CC1267B4B7F2}
		{017F402E-36EA-46B3-A5AF-1773EEB7B755} = {A2CF2984-E8E2-48FC-B5A1-58D74A2467E6}
		{5E16EBD8-3396-4952-9B2D-DD2E2E3C883B} = {A2CF2984-E8E2-48FC-B5A1-58D74A2467E6}
		{0B3BE82E-753A-415D-AD4E-90350C6E5C3D} = {A2CF2984-E8E2-48FC-B5A1-58D74A2467E6}
		{AF15C841-5D45-4E61-BFCE-A6E6B7BA7629} = {AAD2D900-C305-4449-A9FC-6C7696FFEDFA}
		{9AC1CAE2-E717-472A-BBFB-0FE5590E5C7A} = {1F399F98-7439-4F05-847B-CC1267B4B7F2}
		{2B7CDEFC-3D92-4B72-8898-2494D7B087AD} = {A2CF2984-E8E2-48FC-B5A1-58D74A2467E6}
		{6A39E146-8CDF-4B04-88ED-395C56A32722} = {AAD2D900-C305-4449-A9FC-6C7696FFEDFA}
	EndGlobalSection
	GlobalSection(ExtensibilityGlobals) = postSolution
		SolutionGuid = {7F3E353A-C125-4020-8481-11DC6496358C}
	EndGlobalSection
EndGlobal
